{
  "name": "Ghibli-Scene",
  "homepage": "https://belmoussaoui.github.io/Ghibli-Scene",
  "lockfileVersion": 2,
  "requires": true,
  "packages": {
    "": {
      "dependencies": {
        "lil-gui": "^0.18.2"
      }
    },
    "node_modules/lil-gui": {
      "version": "0.18.2",
      "resolved": "https://registry.npmjs.org/lil-gui/-/lil-gui-0.18.2.tgz",
      "integrity": "sha512-DgdrLy3/KGC0PiQLKgOcJMPItP4xY4iWgJ9+91Zaxfr8GCTmMps05QS9w9jW7yspILlbscbquwjOwxmWnSx5Uw=="
    }
  },
  "dependencies": {
    "lil-gui": {
      "version": "0.18.2",
      "resolved": "https://registry.npmjs.org/lil-gui/-/lil-gui-0.18.2.tgz",
      "integrity": "sha512-DgdrLy3/KGC0PiQLKgOcJMPItP4xY4iWgJ9+91Zaxfr8GCTmMps05QS9w9jW7yspILlbscbquwjOwxmWnSx5Uw=="
    }
  }
}
